
Microsoft Visual Studio Solution File, Format Version 12.00
# Visual Studio Version 16
VisualStudioVersion = 16.0.31025.194
MinimumVisualStudioVersion = 10.0.40219.1
Project("{9A19103F-16F7-4668-BE54-9A1E7A4F7556}") = "MlsaAwesomeBlazor.Server", "MlsaAwesomeBlazor\Server\MlsaAwesomeBlazor.Server.csproj", "{208B69BD-178B-4CB8-BF96-2E972C0D2230}"
EndProject
Project("{9A19103F-16F7-4668-BE54-9A1E7A4F7556}") = "MlsaAwesomeBlazor.Client", "MlsaAwesomeBlazor\Client\MlsaAwesomeBlazor.Client.csproj", "{99F7F0DE-426C-421F-80BA-9F497B3CEA2F}"
EndProject
Project("{9A19103F-16F7-4668-BE54-9A1E7A4F7556}") = "MlsaAwesomeBlazor.Shared", "MlsaAwesomeBlazor\Shared\MlsaAwesomeBlazor.Shared.csproj", "{7CA4CFF0-6DE9-4AF9-9AD4-8FA0CB9CE08F}"
EndProject
Global
	GlobalSection(SolutionConfigurationPlatforms) = preSolution
		Debug|Any CPU = Debug|Any CPU
		Release|Any CPU = Release|Any CPU
	EndGlobalSection
	GlobalSection(ProjectConfigurationPlatforms) = postSolution
		{208B69BD-178B-4CB8-BF96-2E972C0D2230}.Debug|Any CPU.ActiveCfg = Debug|Any CPU
		{208B69BD-178B-4CB8-BF96-2E972C0D2230}.Debug|Any CPU.Build.0 = Debug|Any CPU
		{208B69BD-178B-4CB8-BF96-2E972C0D2230}.Release|Any CPU.ActiveCfg = Release|Any CPU
		{208B69BD-178B-4CB8-BF96-2E972C0D2230}.Release|Any CPU.Build.0 = Release|Any CPU
		{99F7F0DE-426C-421F-80BA-9F497B3CEA2F}.Debug|Any CPU.ActiveCfg = Debug|Any CPU
		{99F7F0DE-426C-421F-80BA-9F497B3CEA2F}.Debug|Any CPU.Build.0 = Debug|Any CPU
		{99F7F0DE-426C-421F-80BA-9F497B3CEA2F}.Release|Any CPU.ActiveCfg = Release|Any CPU
		{99F7F0DE-426C-421F-80BA-9F497B3CEA2F}.Release|Any CPU.Build.0 = Release|Any CPU
		{7CA4CFF0-6DE9-4AF9-9AD4-8FA0CB9CE08F}.Debug|Any CPU.ActiveCfg = Debug|Any CPU
		{7CA4CFF0-6DE9-4AF9-9AD4-8FA0CB9CE08F}.Debug|Any CPU.Build.0 = Debug|Any CPU
		{7CA4CFF0-6DE9-4AF9-9AD4-8FA0CB9CE08F}.Release|Any CPU.ActiveCfg = Release|Any CPU
		{7CA4CFF0-6DE9-4AF9-9AD4-8FA0CB9CE08F}.Release|Any CPU.Build.0 = Release|Any CPU
	EndGlobalSection
	GlobalSection(SolutionProperties) = preSolution
		HideSolutionNode = FALSE
	EndGlobalSection
	GlobalSection(ExtensibilityGlobals) = postSolution
		SolutionGuid = {20C63E71-147F-4CB9-A83B-E9BA72680E55}
	EndGlobalSection
EndGlobal
